
Microsoft Visual Studio Solution File, Format Version 12.00
# Visual Studio Version 17
VisualStudioVersion = 17.2.32630.192
MinimumVisualStudioVersion = 10.0.40219.1
Project("{FAE04EC0-301F-11D3-BF4B-00C04F79EFBC}") = "GA.ApplicationCore", "GA.ApplicationCore\GA.ApplicationCore.csproj", "{8E025F26-76D4-4618-9018-77088964CF74}"
EndProject
Project("{FAE04EC0-301F-11D3-BF4B-00C04F79EFBC}") = "GA.Infrastructure", "GA.Infrastructure\GA.Infrastructure.csproj", "{B0544D3A-B35D-43F7-B534-2224B4C24273}"
EndProject
Project("{FAE04EC0-301F-11D3-BF4B-00C04F79EFBC}") = "GA.UI.Web", "GA.UI.Web\GA.UI.Web.csproj", "{9E204E89-27BC-4BAA-8816-3F09313DCB07}"
EndProject
Global
	GlobalSection(SolutionConfigurationPlatforms) = preSolution
		Debug|Any CPU = Debug|Any CPU
		Release|Any CPU = Release|Any CPU
	EndGlobalSection
	GlobalSection(ProjectConfigurationPlatforms) = postSolution
		{8E025F26-76D4-4618-9018-77088964CF74}.Debug|Any CPU.ActiveCfg = Debug|Any CPU
		{8E025F26-76D4-4618-9018-77088964CF74}.Debug|Any CPU.Build.0 = Debug|Any CPU
		{8E025F26-76D4-4618-9018-77088964CF74}.Release|Any CPU.ActiveCfg = Release|Any CPU
		{8E025F26-76D4-4618-9018-77088964CF74}.Release|Any CPU.Build.0 = Release|Any CPU
		{B0544D3A-B35D-43F7-B534-2224B4C24273}.Debug|Any CPU.ActiveCfg = Debug|Any CPU
		{B0544D3A-B35D-43F7-B534-2224B4C24273}.Debug|Any CPU.Build.0 = Debug|Any CPU
		{B0544D3A-B35D-43F7-B534-2224B4C24273}.Release|Any CPU.ActiveCfg = Release|Any CPU
		{B0544D3A-B35D-43F7-B534-2224B4C24273}.Release|Any CPU.Build.0 = Release|Any CPU
		{9E204E89-27BC-4BAA-8816-3F09313DCB07}.Debug|Any CPU.ActiveCfg = Debug|Any CPU
		{9E204E89-27BC-4BAA-8816-3F09313DCB07}.Debug|Any CPU.Build.0 = Debug|Any CPU
		{9E204E89-27BC-4BAA-8816-3F09313DCB07}.Release|Any CPU.ActiveCfg = Release|Any CPU
		{9E204E89-27BC-4BAA-8816-3F09313DCB07}.Release|Any CPU.Build.0 = Release|Any CPU
	EndGlobalSection
	GlobalSection(SolutionProperties) = preSolution
		HideSolutionNode = FALSE
	EndGlobalSection
	GlobalSection(ExtensibilityGlobals) = postSolution
		SolutionGuid = {A855DC57-F92E-4903-9974-2F645D5E2D15}
	EndGlobalSection
EndGlobal
